// !$*UTF8*$!
{
	archiveVersion = 1;
	classes = {
	};
	objectVersion = 46;
	objects = {

/* Begin PBXBuildFile section */
		F80F3AD71CC438E0002F4028 /* AppDelegate.swift in Sources */ = {isa = PBXBuildFile; fileRef = F80F3AD61CC438E0002F4028 /* AppDelegate.swift */; };
		F80F3AD91CC438E0002F4028 /* ViewController.swift in Sources */ = {isa = PBXBuildFile; fileRef = F80F3AD81CC438E0002F4028 /* ViewController.swift */; };
		F80F3ADC1CC438E0002F4028 /* Main.storyboard in Resources */ = {isa = PBXBuildFile; fileRef = F80F3ADA1CC438E0002F4028 /* Main.storyboard */; };
		F80F3ADE1CC438E0002F4028 /* Assets.xcassets in Resources */ = {isa = PBXBuildFile; fileRef = F80F3ADD1CC438E0002F4028 /* Assets.xcassets */; };
		F80F3AE11CC438E0002F4028 /* LaunchScreen.storyboard in Resources */ = {isa = PBXBuildFile; fileRef = F80F3ADF1CC438E0002F4028 /* LaunchScreen.storyboard */; };
		F80F3AE91CC438F8002F4028 /* HazyStarsView.swift in Sources */ = {isa = PBXBuildFile; fileRef = F80F3AE81CC438F8002F4028 /* HazyStarsView.swift */; };
		F80F3AEB1CC4410C002F4028 /* SKTexture+Gradient.swift in Sources */ = {isa = PBXBuildFile; fileRef = F80F3AEA1CC4410C002F4028 /* SKTexture+Gradient.swift */; };
/* End PBXBuildFile section */

/* Begin PBXFileReference section */
		F80F3AD31CC438E0002F4028 /* HazyStars.app */ = {isa = PBXFileReference; explicitFileType = wrapper.application; includeInIndex = 0; path = HazyStars.app; sourceTree = BUILT_PRODUCTS_DIR; };
		F80F3AD61CC438E0002F4028 /* AppDelegate.swift */ = {isa = PBXFileReference; lastKnownFileType = sourcecode.swift; path = AppDelegate.swift; sourceTree = "<group>"; };
		F80F3AD81CC438E0002F4028 /* ViewController.swift */ = {isa = PBXFileReference; lastKnownFileType = sourcecode.swift; path = ViewController.swift; sourceTree = "<group>"; };
		F80F3ADB1CC438E0002F4028 /* Base */ = {isa = PBXFileReference; lastKnownFileType = file.storyboard; name = Base; path = Base.lproj/Main.storyboard; sourceTree = "<group>"; };
		F80F3ADD1CC438E0002F4028 /* Assets.xcassets */ = {isa = PBXFileReference; lastKnownFileType = folder.assetcatalog; path = Assets.xcassets; sourceTree = "<group>"; };
		F80F3AE01CC438E0002F4028 /* Base */ = {isa = PBXFileReference; lastKnownFileType = file.storyboard; name = Base; path = Base.lproj/LaunchScreen.storyboard; sourceTree = "<group>"; };
		F80F3AE21CC438E0002F4028 /* Info.plist */ = {isa = PBXFileReference; lastKnownFileType = text.plist.xml; path = Info.plist; sourceTree = "<group>"; };
		F80F3AE81CC438F8002F4028 /* HazyStarsView.swift */ = {isa = PBXFileReference; fileEncoding = 4; lastKnownFileType = sourcecode.swift; path = HazyStarsView.swift; sourceTree = "<group>"; };
		F80F3AEA1CC4410C002F4028 /* SKTexture+Gradient.swift */ = {isa = PBXFileReference; fileEncoding = 4; lastKnownFileType = sourcecode.swift; path = "SKTexture+Gradient.swift"; sourceTree = "<group>"; };
/* End PBXFileReference section */

/* Begin PBXFrameworksBuildPhase section */
		F80F3AD01CC438E0002F4028 /* Frameworks */ = {
			isa = PBXFrameworksBuildPhase;
			buildActionMask = 2147483647;
			files = (
			);
			runOnlyForDeploymentPostprocessing = 0;
		};
/* End PBXFrameworksBuildPhase section */

/* Begin PBXGroup section */
		F80F3ACA1CC438E0002F4028 = {
			isa = PBXGroup;
			children = (
				F80F3AD51CC438E0002F4028 /* HazyStars */,
				F80F3AD41CC438E0002F4028 /* Products */,
			);
			sourceTree = "<group>";
		};
		F80F3AD41CC438E0002F4028 /* Products */ = {
			isa = PBXGroup;
			children = (
				F80F3AD31CC438E0002F4028 /* HazyStars.app */,
			);
			name = Products;
			sourceTree = "<group>";
		};
		F80F3AD51CC438E0002F4028 /* HazyStars */ = {
			isa = PBXGroup;
			children = (
				F80F3AD61CC438E0002F4028 /* AppDelegate.swift */,
				F80F3AD81CC438E0002F4028 /* ViewController.swift */,
				F80F3AE81CC438F8002F4028 /* HazyStarsView.swift */,
				F80F3AEA1CC4410C002F4028 /* SKTexture+Gradient.swift */,
				F80F3ADA1CC438E0002F4028 /* Main.storyboard */,
				F80F3ADD1CC438E0002F4028 /* Assets.xcassets */,
				F80F3ADF1CC438E0002F4028 /* LaunchScreen.storyboard */,
				F80F3AE21CC438E0002F4028 /* Info.plist */,
			);
			path = HazyStars;
			sourceTree = "<group>";
		};
/* End PBXGroup section */

/* Begin PBXNativeTarget section */
		F80F3AD21CC438E0002F4028 /* HazyStars */ = {
			isa = PBXNativeTarget;
			buildConfigurationList = F80F3AE51CC438E0002F4028 /* Build configuration list for PBXNativeTarget "HazyStars" */;
			buildPhases = (
				F80F3ACF1CC438E0002F4028 /* Sources */,
				F80F3AD01CC438E0002F4028 /* Frameworks */,
				F80F3AD11CC438E0002F4028 /* Resources */,
			);
			buildRules = (
			);
			dependencies = (
			);
			name = HazyStars;
			productName = HazyStars;
			productReference = F80F3AD31CC438E0002F4028 /* HazyStars.app */;
			productType = "com.apple.product-type.application";
		};
/* End PBXNativeTarget section */

/* Begin PBXProject section */
		F80F3ACB1CC438E0002F4028 /* Project object */ = {
			isa = PBXProject;
			attributes = {
				LastSwiftUpdateCheck = 0730;
				LastUpgradeCheck = 0730;
				ORGANIZATIONNAME = huebnerob;
				TargetAttributes = {
					F80F3AD21CC438E0002F4028 = {
						CreatedOnToolsVersion = 7.3;
					};
				};
			};
			buildConfigurationList = F80F3ACE1CC438E0002F4028 /* Build configuration list for PBXProject "HazyStars" */;
			compatibilityVersion = "Xcode 3.2";
			developmentRegion = English;
			hasScannedForEncodings = 0;
			knownRegions = (
				en,
				Base,
			);
			mainGroup = F80F3ACA1CC438E0002F4028;
			productRefGroup = F80F3AD41CC438E0002F4028 /* Products */;
			projectDirPath = "";
			projectRoot = "";
			targets = (
				F80F3AD21CC438E0002F4028 /* HazyStars */,
			);
		};
/* End PBXProject section */

/* Begin PBXResourcesBuildPhase section */
		F80F3AD11CC438E0002F4028 /* Resources */ = {
			isa = PBXResourcesBuildPhase;
			buildActionMask = 2147483647;
			files = (
				F80F3AE11CC438E0002F4028 /* LaunchScreen.storyboard in Resources */,
				F80F3ADE1CC438E0002F4028 /* Assets.xcassets in Resources */,
				F80F3ADC1CC438E0002F4028 /* Main.storyboard in Resources */,
			);
			runOnlyForDeploymentPostprocessing = 0;
		};
/* End PBXResourcesBuildPhase section */

/* Begin PBXSourcesBuildPhase section */
		F80F3ACF1CC438E0002F4028 /* Sources */ = {
			isa = PBXSourcesBuildPhase;
			buildActionMask = 2147483647;
			files = (
				F80F3AD91CC438E0002F4028 /* ViewController.swift in Sources */,
				F80F3AD71CC438E0002F4028 /* AppDelegate.swift in Sources */,
				F80F3AE91CC438F8002F4028 /* HazyStarsView.swift in Sources */,
				F80F3AEB1CC4410C002F4028 /* SKTexture+Gradient.swift in Sources */,
			);
			runOnlyForDeploymentPostprocessing = 0;
		};
/* End PBXSourcesBuildPhase section */

/* Begin PBXVariantGroup section */
		F80F3ADA1CC438E0002F4028 /* Main.storyboard */ = {
			isa = PBXVariantGroup;
			children = (
				F80F3ADB1CC438E0002F4028 /* Base */,
			);
			name = Main.storyboard;
			sourceTree = "<group>";
		};
		F80F3ADF1CC438E0002F4028 /* LaunchScreen.storyboard */ = {
			isa = PBXVariantGroup;
			children = (
				F80F3AE01CC438E0002F4028 /* Base */,
			);
			name = LaunchScreen.storyboard;
			sourceTree = "<group>";
		};
/* End PBXVariantGroup section */

/* Begin XCBuildConfiguration section */
		F80F3AE31CC438E0002F4028 /* Debug */ = {
			isa = XCBuildConfiguration;
			buildSettings = {
				ALWAYS_SEARCH_USER_PATHS = NO;
				CLANG_ANALYZER_NONNULL = YES;
				CLANG_CXX_LANGUAGE_STANDARD = "gnu++0x";
				CLANG_CXX_LIBRARY = "libc++";
				CLANG_ENABLE_MODULES = YES;
				CLANG_ENABLE_OBJC_ARC = YES;
				CLANG_WARN_BOOL_CONVERSION = YES;
				CLANG_WARN_CONSTANT_CONVERSION = YES;
				CLANG_WARN_DIRECT_OBJC_ISA_USAGE = YES_ERROR;
				CLANG_WARN_EMPTY_BODY = YES;
				CLANG_WARN_ENUM_CONVERSION = YES;
				CLANG_WARN_INT_CONVERSION = YES;
				CLANG_WARN_OBJC_ROOT_CLASS = YES_ERROR;
				CLANG_WARN_UNREACHABLE_CODE = YES;
				CLANG_WARN__DUPLICATE_METHOD_MATCH = YES;
				"CODE_SIGN_IDENTITY[sdk=iphoneos*]" = "iPhone Developer";
				COPY_PHASE_STRIP = NO;
				DEBUG_INFORMATION_FORMAT = dwarf;
				ENABLE_STRICT_OBJC_MSGSEND = YES;
				ENABLE_TESTABILITY = YES;
				GCC_C_LANGUAGE_STANDARD = gnu99;
				GCC_DYNAMIC_NO_PIC = NO;
				GCC_NO_COMMON_BLOCKS = YES;
				GCC_OPTIMIZATION_LEVEL = 0;
				GCC_PREPROCESSOR_DEFINITIONS = (
					"DEBUG=1",
					"$(inherited)",
				);
				GCC_WARN_64_TO_32_BIT_CONVERSION = YES;
				GCC_WARN_ABOUT_RETURN_TYPE = YES_ERROR;
				GCC_WARN_UNDECLARED_SELECTOR = YES;
				GCC_WARN_UNINITIALIZED_AUTOS = YES_AGGRESSIVE;
				GCC_WARN_UNUSED_FUNCTION = YES;
				GCC_WARN_UNUSED_VARIABLE = YES;
				IPHONEOS_DEPLOYMENT_TARGET = 9.3;
				MTL_ENABLE_DEBUG_INFO = YES;
				ONLY_ACTIVE_ARCH = YES;
				SDKROOT = iphoneos;
				SWIFT_OPTIMIZATION_LEVEL = "-Onone";
				TARGETED_DEVICE_FAMILY = "1,2";
			};
			name = Debug;
		};
		F80F3AE41CC438E0002F4028 /* Release */ = {
			isa = XCBuildConfiguration;
			buildSettings = {
				ALWAYS_SEARCH_USER_PATHS = NO;
				CLANG_ANALYZER_NONNULL = YES;
				CLANG_CXX_LANGUAGE_STANDARD = "gnu++0x";
				CLANG_CXX_LIBRARY = "libc++";
				CLANG_ENABLE_MODULES = YES;
				CLANG_ENABLE_OBJC_ARC = YES;
				CLANG_WARN_BOOL_CONVERSION = YES;
				CLANG_WARN_CONSTANT_CONVERSION = YES;
				CLANG_WARN_DIRECT_OBJC_ISA_USAGE = YES_ERROR;
				CLANG_WARN_EMPTY_BODY = YES;
				CLANG_WARN_ENUM_CONVERSION = YES;
				CLANG_WARN_INT_CONVERSION = YES;
				CLANG_WARN_OBJC_ROOT_CLASS = YES_ERROR;
				CLANG_WARN_UNREACHABLE_CODE = YES;
				CLANG_WARN__DUPLICATE_METHOD_MATCH = YES;
				"CODE_SIGN_IDENTITY[sdk=iphoneos*]" = "iPhone Developer";
				COPY_PHASE_STRIP = NO;
				DEBUG_INFORMATION_FORMAT = "dwarf-with-dsym";
				ENABLE_NS_ASSERTIONS = NO;
				ENABLE_STRICT_OBJC_MSGSEND = YES;
				GCC_C_LANGUAGE_STANDARD = gnu99;
				GCC_NO_COMMON_BLOCKS = YES;
				GCC_WARN_64_TO_32_BIT_CONVERSION = YES;
				GCC_WARN_ABOUT_RETURN_TYPE = YES_ERROR;
				GCC_WARN_UNDECLARED_SELECTOR = YES;
				GCC_WARN_UNINITIALIZED_AUTOS = YES_AGGRESSIVE;
				GCC_WARN_UNUSED_FUNCTION = YES;
				GCC_WARN_UNUSED_VARIABLE = YES;
				IPHONEOS_DEPLOYMENT_TARGET = 9.3;
				MTL_ENABLE_DEBUG_INFO = NO;
				SDKROOT = iphoneos;
				TARGETED_DEVICE_FAMILY = "1,2";
				VALIDATE_PRODUCT = YES;
			};
			name = Release;
		};
		F80F3AE61CC438E0002F4028 /* Debug */ = {
			isa = XCBuildConfiguration;
			buildSettings = {
				ASSETCATALOG_COMPILER_APPICON_NAME = AppIcon;
				INFOPLIST_FILE = HazyStars/Info.plist;
				LD_RUNPATH_SEARCH_PATHS = "$(inherited) @executable_path/Frameworks";
				PRODUCT_BUNDLE_IDENTIFIER = com.huebnerob.HazyStars;
				PRODUCT_NAME = "$(TARGET_NAME)";
			};
			name = Debug;
		};
		F80F3AE71CC438E0002F4028 /* Release */ = {
			isa = XCBuildConfiguration;
			buildSettings = {
				ASSETCATALOG_COMPILER_APPICON_NAME = AppIcon;
				INFOPLIST_FILE = HazyStars/Info.plist;
				LD_RUNPATH_SEARCH_PATHS = "$(inherited) @executable_path/Frameworks";
				PRODUCT_BUNDLE_IDENTIFIER = com.huebnerob.HazyStars;
				PRODUCT_NAME = "$(TARGET_NAME)";
			};
			name = Release;
		};
/* End XCBuildConfiguration section */

/* Begin XCConfigurationList section */
		F80F3ACE1CC438E0002F4028 /* Build configuration list for PBXProject "HazyStars" */ = {
			isa = XCConfigurationList;
			buildConfigurations = (
				F80F3AE31CC438E0002F4028 /* Debug */,
				F80F3AE41CC438E0002F4028 /* Release */,
			);
			defaultConfigurationIsVisible = 0;
			defaultConfigurationName = Release;
		};
		F80F3AE51CC438E0002F4028 /* Build configuration list for PBXNativeTarget "HazyStars" */ = {
			isa = XCConfigurationList;
			buildConfigurations = (
				F80F3AE61CC438E0002F4028 /* Debug */,
				F80F3AE71CC438E0002F4028 /* Release */,
			);
			defaultConfigurationIsVisible = 0;
		};
/* End XCConfigurationList section */
	};
	rootObject = F80F3ACB1CC438E0002F4028 /* Project object */;
}
